// !$*UTF8*$!
{
	archiveVersion = 1;
	classes = {
	};
	objectVersion = 46;
	objects = {

/* Begin PBXBuildFile section */
		11DBFD0018C86FC600136A62 /* SetGameViewController.m in Sources */ = {isa = PBXBuildFile; fileRef = 11DBFCFF18C86FC600136A62 /* SetGameViewController.m */; };
		11DBFD0318C87F3300136A62 /* PlayingCardGameViewController.m in Sources */ = {isa = PBXBuildFile; fileRef = 11DBFD0218C87F3300136A62 /* PlayingCardGameViewController.m */; };
		F07D800B0E830444B5332E98 /* PlayingCardDeck.m in Sources */ = {isa = PBXBuildFile; fileRef = F07D8EFC55B026944EC1FE75 /* PlayingCardDeck.m */; };
		F07D80B935B859E8EC5B793A /* XCTest.framework in Frameworks */ = {isa = PBXBuildFile; fileRef = F07D87E8962A4F9DBA002A0F /* XCTest.framework */; };
		F07D812976BB50720587B2D6 /* Card.m in Sources */ = {isa = PBXBuildFile; fileRef = F07D8828AE7879743CE9AFD4 /* Card.m */; };
		F07D8237554CB6C91BAB66E8 /* InfoPlist.strings in Resources */ = {isa = PBXBuildFile; fileRef = F07D86BD82FD3D5D2511995A /* InfoPlist.strings */; };
		F07D825BA9CE6C7E0291F407 /* UIKit.framework in Frameworks */ = {isa = PBXBuildFile; fileRef = F07D89B20BA8F74E24F6CC6E /* UIKit.framework */; };
		F07D83520B8A6EEC7BC14001 /* main.m in Sources */ = {isa = PBXBuildFile; fileRef = F07D8511149DD6E309D92FE3 /* main.m */; };
		F07D84837C383EEB812973E1 /* Images.xcassets in Resources */ = {isa = PBXBuildFile; fileRef = F07D8E63D7AA88B2422B6843 /* Images.xcassets */; };
		F07D84E7C797A8180876A33C /* CardGameAppDelegate.m in Sources */ = {isa = PBXBuildFile; fileRef = F07D811390930D8EE57DD52A /* CardGameAppDelegate.m */; };
		F07D84F3585BA3E085317725 /* Main.storyboard in Resources */ = {isa = PBXBuildFile; fileRef = F07D81D6AB38854395CA204B /* Main.storyboard */; };
		F07D859080CE1033A76AB75C /* Foundation.framework in Frameworks */ = {isa = PBXBuildFile; fileRef = F07D87C24C069CB0F3F50A57 /* Foundation.framework */; };
		F07D86622DC6BCCDD1C9CA5D /* PlayingCard.m in Sources */ = {isa = PBXBuildFile; fileRef = F07D8931072DF2CE9180D4BB /* PlayingCard.m */; };
		F07D885290E8E0994C968F60 /* CoreGraphics.framework in Frameworks */ = {isa = PBXBuildFile; fileRef = F07D8310623B7B821C22346D /* CoreGraphics.framework */; };
		F07D88714254BA37E97864EB /* Deck.m in Sources */ = {isa = PBXBuildFile; fileRef = F07D80332FE1FB26C0086512 /* Deck.m */; };
		F07D893394E4D95BF1254A6B /* History.m in Sources */ = {isa = PBXBuildFile; fileRef = F07D8A6C44A55A40A8DDCF34 /* History.m */; };
		F07D8989CABB5CA7FEA3400E /* InfoPlist.strings in Resources */ = {isa = PBXBuildFile; fileRef = F07D89707FA3C957EA85B1FE /* InfoPlist.strings */; };
		F07D89E5C9E8EB95D60CFABD /* Localizable.strings in Resources */ = {isa = PBXBuildFile; fileRef = F07D89D8BAF2A376BC014C10 /* Localizable.strings */; };
		F07D8A67C5A589871FF14312 /* CardMatchingGame.m in Sources */ = {isa = PBXBuildFile; fileRef = F07D8274B07127E931CECF81 /* CardMatchingGame.m */; };
		F07D8AA2A9B2407B2443DABB /* UIKit.framework in Frameworks */ = {isa = PBXBuildFile; fileRef = F07D89B20BA8F74E24F6CC6E /* UIKit.framework */; };
		F07D8C126FB9B0DC48E7C42C /* Foundation.framework in Frameworks */ = {isa = PBXBuildFile; fileRef = F07D87C24C069CB0F3F50A57 /* Foundation.framework */; };
		F07D8C905303BEE6F9C19277 /* MatchismoTests.m in Sources */ = {isa = PBXBuildFile; fileRef = F07D8F9712A12E40F5022C2C /* MatchismoTests.m */; };
		F07D8E811E89CD1BE60FDEA3 /* CardGameViewController.m in Sources */ = {isa = PBXBuildFile; fileRef = F07D8075A1B6DAB17C7AB6C5 /* CardGameViewController.m */; };
/* End PBXBuildFile section */

/* Begin PBXContainerItemProxy section */
		F07D85929BD743CC3FB370B2 /* PBXContainerItemProxy */ = {
			isa = PBXContainerItemProxy;
			containerPortal = F07D8A6431867CD1623BC566 /* Project object */;
			proxyType = 1;
			remoteGlobalIDString = F07D8C21790E19673EF38053;
			remoteInfo = Matchismo;
		};
/* End PBXContainerItemProxy section */

/* Begin PBXFileReference section */
		11DBFCFE18C86FC600136A62 /* SetGameViewController.h */ = {isa = PBXFileReference; fileEncoding = 4; lastKnownFileType = sourcecode.c.h; path = SetGameViewController.h; sourceTree = "<group>"; };
		11DBFCFF18C86FC600136A62 /* SetGameViewController.m */ = {isa = PBXFileReference; fileEncoding = 4; lastKnownFileType = sourcecode.c.objc; path = SetGameViewController.m; sourceTree = "<group>"; };
		11DBFD0118C87F3300136A62 /* PlayingCardGameViewController.h */ = {isa = PBXFileReference; fileEncoding = 4; lastKnownFileType = sourcecode.c.h; name = PlayingCardGameViewController.h; path = ../PlayingCardGameViewController.h; sourceTree = "<group>"; };
		11DBFD0218C87F3300136A62 /* PlayingCardGameViewController.m */ = {isa = PBXFileReference; fileEncoding = 4; lastKnownFileType = sourcecode.c.objc; name = PlayingCardGameViewController.m; path = ../PlayingCardGameViewController.m; sourceTree = "<group>"; };
		F07D80332FE1FB26C0086512 /* Deck.m */ = {isa = PBXFileReference; fileEncoding = 4; lastKnownFileType = sourcecode.c.objc; path = Deck.m; sourceTree = "<group>"; };
		F07D8075A1B6DAB17C7AB6C5 /* CardGameViewController.m */ = {isa = PBXFileReference; lastKnownFileType = sourcecode.c.objc; path = CardGameViewController.m; sourceTree = "<group>"; };
		F07D811390930D8EE57DD52A /* CardGameAppDelegate.m */ = {isa = PBXFileReference; fileEncoding = 4; lastKnownFileType = sourcecode.c.objc; path = CardGameAppDelegate.m; sourceTree = "<group>"; };
		F07D816050FC49FCF8BA1BF8 /* en */ = {isa = PBXFileReference; lastKnownFileType = text.plist.strings; name = en; path = en.lproj/InfoPlist.strings; sourceTree = "<group>"; };
		F07D818B241F5FA7F6C88B8B /* Matchismo.app */ = {isa = PBXFileReference; explicitFileType = wrapper.application; includeInIndex = 0; path = Matchismo.app; sourceTree = BUILT_PRODUCTS_DIR; };
		F07D8274B07127E931CECF81 /* CardMatchingGame.m */ = {isa = PBXFileReference; fileEncoding = 4; lastKnownFileType = sourcecode.c.objc; path = CardMatchingGame.m; sourceTree = "<group>"; };
		F07D8310623B7B821C22346D /* CoreGraphics.framework */ = {isa = PBXFileReference; lastKnownFileType = wrapper.framework; name = CoreGraphics.framework; path = System/Library/Frameworks/CoreGraphics.framework; sourceTree = SDKROOT; };
		F07D83AB70828E1F01881D10 /* CardGameViewController.h */ = {isa = PBXFileReference; lastKnownFileType = sourcecode.c.h; path = CardGameViewController.h; sourceTree = "<group>"; };
		F07D83F8B81D4914CE0B8D14 /* PlayingCard.h */ = {isa = PBXFileReference; fileEncoding = 4; lastKnownFileType = sourcecode.c.h; path = PlayingCard.h; sourceTree = "<group>"; };
		F07D841E3503910B27088721 /* Matchismo-Prefix.pch */ = {isa = PBXFileReference; lastKnownFileType = sourcecode.c.h; path = "Matchismo-Prefix.pch"; sourceTree = "<group>"; };
		F07D84C256A3C3A10196390F /* Base */ = {isa = PBXFileReference; lastKnownFileType = file.storyboard; name = Base; path = Base.lproj/Main.storyboard; sourceTree = "<group>"; };
		F07D850C90A022DB6B1A1AE8 /* CardGameAppDelegate.h */ = {isa = PBXFileReference; fileEncoding = 4; lastKnownFileType = sourcecode.c.h; path = CardGameAppDelegate.h; sourceTree = "<group>"; };
		F07D8511149DD6E309D92FE3 /* main.m */ = {isa = PBXFileReference; lastKnownFileType = sourcecode.c.objc; path = main.m; sourceTree = "<group>"; };
		F07D87C24C069CB0F3F50A57 /* Foundation.framework */ = {isa = PBXFileReference; lastKnownFileType = wrapper.framework; name = Foundation.framework; path = System/Library/Frameworks/Foundation.framework; sourceTree = SDKROOT; };
		F07D87E8962A4F9DBA002A0F /* XCTest.framework */ = {isa = PBXFileReference; lastKnownFileType = wrapper.framework; name = XCTest.framework; path = Library/Frameworks/XCTest.framework; sourceTree = DEVELOPER_DIR; };
		F07D8807DD57BFBD338DF257 /* History.h */ = {isa = PBXFileReference; fileEncoding = 4; lastKnownFileType = sourcecode.c.h; path = History.h; sourceTree = "<group>"; };
		F07D8828AE7879743CE9AFD4 /* Card.m */ = {isa = PBXFileReference; fileEncoding = 4; lastKnownFileType = sourcecode.c.objc; path = Card.m; sourceTree = "<group>"; };
		F07D8931072DF2CE9180D4BB /* PlayingCard.m */ = {isa = PBXFileReference; fileEncoding = 4; lastKnownFileType = sourcecode.c.objc; path = PlayingCard.m; sourceTree = "<group>"; };
		F07D89B20BA8F74E24F6CC6E /* UIKit.framework */ = {isa = PBXFileReference; lastKnownFileType = wrapper.framework; name = UIKit.framework; path = System/Library/Frameworks/UIKit.framework; sourceTree = SDKROOT; };
		F07D89D8BAF2A376BC014C10 /* Localizable.strings */ = {isa = PBXFileReference; fileEncoding = 4; lastKnownFileType = text.plist.strings; path = Localizable.strings; sourceTree = "<group>"; };
		F07D8A200093E652044B82CC /* Matchismo-Info.plist */ = {isa = PBXFileReference; lastKnownFileType = text.plist.info; path = "Matchismo-Info.plist"; sourceTree = "<group>"; };
		F07D8A5D90BAC5604835B601 /* PlayingCardDeck.h */ = {isa = PBXFileReference; fileEncoding = 4; lastKnownFileType = sourcecode.c.h; path = PlayingCardDeck.h; sourceTree = "<group>"; };
		F07D8A6C44A55A40A8DDCF34 /* History.m */ = {isa = PBXFileReference; fileEncoding = 4; lastKnownFileType = sourcecode.c.objc; path = History.m; sourceTree = "<group>"; };
		F07D8B4BDDBAA5121F610785 /* Card.h */ = {isa = PBXFileReference; fileEncoding = 4; lastKnownFileType = sourcecode.c.h; path = Card.h; sourceTree = "<group>"; };
		F07D8CF4655E07C8F0D73013 /* MatchismoTests-Info.plist */ = {isa = PBXFileReference; lastKnownFileType = text.plist.info; path = "MatchismoTests-Info.plist"; sourceTree = "<group>"; };
		F07D8D931ABDFA2DC335347D /* Deck.h */ = {isa = PBXFileReference; fileEncoding = 4; lastKnownFileType = sourcecode.c.h; path = Deck.h; sourceTree = "<group>"; };
		F07D8DB9CD015DC68A90EDA8 /* CardMatchingGame.h */ = {isa = PBXFileReference; fileEncoding = 4; lastKnownFileType = sourcecode.c.h; path = CardMatchingGame.h; sourceTree = "<group>"; };
		F07D8E63D7AA88B2422B6843 /* Images.xcassets */ = {isa = PBXFileReference; lastKnownFileType = folder.assetcatalog; path = Images.xcassets; sourceTree = "<group>"; };
		F07D8EFC55B026944EC1FE75 /* PlayingCardDeck.m */ = {isa = PBXFileReference; fileEncoding = 4; lastKnownFileType = sourcecode.c.objc; path = PlayingCardDeck.m; sourceTree = "<group>"; };
		F07D8F9712A12E40F5022C2C /* MatchismoTests.m */ = {isa = PBXFileReference; lastKnownFileType = sourcecode.c.objc; path = MatchismoTests.m; sourceTree = "<group>"; };
		F07D8FB0E55EC09B158914C2 /* en */ = {isa = PBXFileReference; lastKnownFileType = text.plist.strings; name = en; path = en.lproj/InfoPlist.strings; sourceTree = "<group>"; };
		F07D8FE3A56F2778FBE882CF /* MatchismoTests.xctest */ = {isa = PBXFileReference; explicitFileType = wrapper.cfbundle; includeInIndex = 0; path = MatchismoTests.xctest; sourceTree = BUILT_PRODUCTS_DIR; };
/* End PBXFileReference section */

/* Begin PBXFrameworksBuildPhase section */
		F07D84099A0D86579314E7CB /* Frameworks */ = {
			isa = PBXFrameworksBuildPhase;
			buildActionMask = 2147483647;
			files = (
				F07D859080CE1033A76AB75C /* Foundation.framework in Frameworks */,
				F07D885290E8E0994C968F60 /* CoreGraphics.framework in Frameworks */,
				F07D825BA9CE6C7E0291F407 /* UIKit.framework in Frameworks */,
			);
			runOnlyForDeploymentPostprocessing = 0;
		};
		F07D87DC4627FAEDAFAC731C /* Frameworks */ = {
			isa = PBXFrameworksBuildPhase;
			buildActionMask = 2147483647;
			files = (
				F07D80B935B859E8EC5B793A /* XCTest.framework in Frameworks */,
				F07D8C126FB9B0DC48E7C42C /* Foundation.framework in Frameworks */,
				F07D8AA2A9B2407B2443DABB /* UIKit.framework in Frameworks */,
			);
			runOnlyForDeploymentPostprocessing = 0;
		};
/* End PBXFrameworksBuildPhase section */

/* Begin PBXGroup section */
		F07D80FE45207D0770A0354E /* Frameworks */ = {
			isa = PBXGroup;
			children = (
				F07D87C24C069CB0F3F50A57 /* Foundation.framework */,
				F07D8310623B7B821C22346D /* CoreGraphics.framework */,
				F07D89B20BA8F74E24F6CC6E /* UIKit.framework */,
				F07D87E8962A4F9DBA002A0F /* XCTest.framework */,
			);
			name = Frameworks;
			sourceTree = "<group>";
		};
		F07D85470595DBBDE637DCBD /* Supporting Files */ = {
			isa = PBXGroup;
			children = (
				F07D8A200093E652044B82CC /* Matchismo-Info.plist */,
				F07D89707FA3C957EA85B1FE /* InfoPlist.strings */,
				F07D8511149DD6E309D92FE3 /* main.m */,
				F07D841E3503910B27088721 /* Matchismo-Prefix.pch */,
				F07D850C90A022DB6B1A1AE8 /* CardGameAppDelegate.h */,
				F07D811390930D8EE57DD52A /* CardGameAppDelegate.m */,
			);
			name = "Supporting Files";
			sourceTree = "<group>";
		};
		F07D89C28539A79C66CBBB0D /* Matchismo */ = {
			isa = PBXGroup;
			children = (
				F07D85470595DBBDE637DCBD /* Supporting Files */,
				F07D8E63D7AA88B2422B6843 /* Images.xcassets */,
				F07D81D6AB38854395CA204B /* Main.storyboard */,
				F07D83AB70828E1F01881D10 /* CardGameViewController.h */,
				F07D8075A1B6DAB17C7AB6C5 /* CardGameViewController.m */,
				11DBFCFE18C86FC600136A62 /* SetGameViewController.h */,
				11DBFCFF18C86FC600136A62 /* SetGameViewController.m */,
				11DBFD0118C87F3300136A62 /* PlayingCardGameViewController.h */,
				11DBFD0218C87F3300136A62 /* PlayingCardGameViewController.m */,
				F07D8FA81FE405ABCC6299BD /* Model */,
				F07D89D8BAF2A376BC014C10 /* Localizable.strings */,
			);
			path = Matchismo;
			sourceTree = "<group>";
		};
		F07D8A7A8622F84868E67E96 = {
			isa = PBXGroup;
			children = (
				F07D8DDD2FA89A05CC2CA3B3 /* Products */,
				F07D80FE45207D0770A0354E /* Frameworks */,
				F07D89C28539A79C66CBBB0D /* Matchismo */,
				F07D8BFD98160925D7FDC38D /* MatchismoTests */,
			);
			sourceTree = "<group>";
		};
		F07D8BDDF08CF876D67F0ABF /* Supporting Files */ = {
			isa = PBXGroup;
			children = (
				F07D8CF4655E07C8F0D73013 /* MatchismoTests-Info.plist */,
				F07D86BD82FD3D5D2511995A /* InfoPlist.strings */,
			);
			name = "Supporting Files";
			sourceTree = "<group>";
		};
		F07D8BFD98160925D7FDC38D /* MatchismoTests */ = {
			isa = PBXGroup;
			children = (
				F07D8BDDF08CF876D67F0ABF /* Supporting Files */,
				F07D8F9712A12E40F5022C2C /* MatchismoTests.m */,
			);
			path = MatchismoTests;
			sourceTree = "<group>";
		};
		F07D8DDD2FA89A05CC2CA3B3 /* Products */ = {
			isa = PBXGroup;
			children = (
				F07D818B241F5FA7F6C88B8B /* Matchismo.app */,
				F07D8FE3A56F2778FBE882CF /* MatchismoTests.xctest */,
			);
			name = Products;
			sourceTree = "<group>";
		};
		F07D8FA81FE405ABCC6299BD /* Model */ = {
			isa = PBXGroup;
			children = (
				F07D8B4BDDBAA5121F610785 /* Card.h */,
				F07D8828AE7879743CE9AFD4 /* Card.m */,
				F07D8D931ABDFA2DC335347D /* Deck.h */,
				F07D80332FE1FB26C0086512 /* Deck.m */,
				F07D8A5D90BAC5604835B601 /* PlayingCardDeck.h */,
				F07D8EFC55B026944EC1FE75 /* PlayingCardDeck.m */,
				F07D83F8B81D4914CE0B8D14 /* PlayingCard.h */,
				F07D8931072DF2CE9180D4BB /* PlayingCard.m */,
				F07D8DB9CD015DC68A90EDA8 /* CardMatchingGame.h */,
				F07D8274B07127E931CECF81 /* CardMatchingGame.m */,
				F07D8807DD57BFBD338DF257 /* History.h */,
				F07D8A6C44A55A40A8DDCF34 /* History.m */,
			);
			path = Model;
			sourceTree = "<group>";
		};
/* End PBXGroup section */

/* Begin PBXNativeTarget section */
		F07D8C21790E19673EF38053 /* Matchismo */ = {
			isa = PBXNativeTarget;
			buildConfigurationList = F07D8F2B8E9B352DEC5B45C7 /* Build configuration list for PBXNativeTarget "Matchismo" */;
			buildPhases = (
				F07D8DF9E65B776AB775F483 /* Sources */,
				F07D84099A0D86579314E7CB /* Frameworks */,
				F07D8ED2AB724C886E3E46D9 /* Resources */,
			);
			buildRules = (
			);
			dependencies = (
			);
			name = Matchismo;
			productName = Matchismo;
			productReference = F07D818B241F5FA7F6C88B8B /* Matchismo.app */;
			productType = "com.apple.product-type.application";
		};
		F07D8E8E1A6E835FFEC9A3C8 /* MatchismoTests */ = {
			isa = PBXNativeTarget;
			buildConfigurationList = F07D8511F04F8E7A04B82CAB /* Build configuration list for PBXNativeTarget "MatchismoTests" */;
			buildPhases = (
				F07D810EEA8D3A2FCE349E5B /* Sources */,
				F07D87DC4627FAEDAFAC731C /* Frameworks */,
				F07D8AF8DB1AF1077CD91DBD /* Resources */,
			);
			buildRules = (
			);
			dependencies = (
				F07D8FA0E61D08071EADB577 /* PBXTargetDependency */,
			);
			name = MatchismoTests;
			productName = MatchismoTests;
			productReference = F07D8FE3A56F2778FBE882CF /* MatchismoTests.xctest */;
			productType = "com.apple.product-type.bundle.unit-test";
		};
/* End PBXNativeTarget section */

/* Begin PBXProject section */
		F07D8A6431867CD1623BC566 /* Project object */ = {
			isa = PBXProject;
			attributes = {
				ORGANIZATIONNAME = ruben;
				TargetAttributes = {
					F07D8C21790E19673EF38053 = {
						DevelopmentTeam = 6BSBW655NT;
					};
				};
			};
			buildConfigurationList = F07D8FA542FA4511645174A3 /* Build configuration list for PBXProject "Matchismo" */;
			compatibilityVersion = "Xcode 3.2";
			developmentRegion = English;
			hasScannedForEncodings = 0;
			knownRegions = (
				en,
			);
			mainGroup = F07D8A7A8622F84868E67E96;
			productRefGroup = F07D8DDD2FA89A05CC2CA3B3 /* Products */;
			projectDirPath = "";
			projectRoot = "";
			targets = (
				F07D8C21790E19673EF38053 /* Matchismo */,
				F07D8E8E1A6E835FFEC9A3C8 /* MatchismoTests */,
			);
		};
/* End PBXProject section */

/* Begin PBXResourcesBuildPhase section */
		F07D8AF8DB1AF1077CD91DBD /* Resources */ = {
			isa = PBXResourcesBuildPhase;
			buildActionMask = 2147483647;
			files = (
				F07D8237554CB6C91BAB66E8 /* InfoPlist.strings in Resources */,
			);
			runOnlyForDeploymentPostprocessing = 0;
		};
		F07D8ED2AB724C886E3E46D9 /* Resources */ = {
			isa = PBXResourcesBuildPhase;
			buildActionMask = 2147483647;
			files = (
				F07D8989CABB5CA7FEA3400E /* InfoPlist.strings in Resources */,
				F07D84837C383EEB812973E1 /* Images.xcassets in Resources */,
				F07D84F3585BA3E085317725 /* Main.storyboard in Resources */,
				F07D89E5C9E8EB95D60CFABD /* Localizable.strings in Resources */,
			);
			runOnlyForDeploymentPostprocessing = 0;
		};
/* End PBXResourcesBuildPhase section */

/* Begin PBXSourcesBuildPhase section */
		F07D810EEA8D3A2FCE349E5B /* Sources */ = {
			isa = PBXSourcesBuildPhase;
			buildActionMask = 2147483647;
			files = (
				F07D8C905303BEE6F9C19277 /* MatchismoTests.m in Sources */,
			);
			runOnlyForDeploymentPostprocessing = 0;
		};
		F07D8DF9E65B776AB775F483 /* Sources */ = {
			isa = PBXSourcesBuildPhase;
			buildActionMask = 2147483647;
			files = (
				F07D83520B8A6EEC7BC14001 /* main.m in Sources */,
				F07D8E811E89CD1BE60FDEA3 /* CardGameViewController.m in Sources */,
				11DBFD0318C87F3300136A62 /* PlayingCardGameViewController.m in Sources */,
				F07D812976BB50720587B2D6 /* Card.m in Sources */,
				F07D88714254BA37E97864EB /* Deck.m in Sources */,
				F07D800B0E830444B5332E98 /* PlayingCardDeck.m in Sources */,
				F07D86622DC6BCCDD1C9CA5D /* PlayingCard.m in Sources */,
				F07D84E7C797A8180876A33C /* CardGameAppDelegate.m in Sources */,
				F07D8A67C5A589871FF14312 /* CardMatchingGame.m in Sources */,
				F07D893394E4D95BF1254A6B /* History.m in Sources */,
				11DBFD0018C86FC600136A62 /* SetGameViewController.m in Sources */,
			);
			runOnlyForDeploymentPostprocessing = 0;
		};
/* End PBXSourcesBuildPhase section */

/* Begin PBXTargetDependency section */
		F07D8FA0E61D08071EADB577 /* PBXTargetDependency */ = {
			isa = PBXTargetDependency;
			target = F07D8C21790E19673EF38053 /* Matchismo */;
			targetProxy = F07D85929BD743CC3FB370B2 /* PBXContainerItemProxy */;
		};
/* End PBXTargetDependency section */

/* Begin PBXVariantGroup section */
		F07D81D6AB38854395CA204B /* Main.storyboard */ = {
			isa = PBXVariantGroup;
			children = (
				F07D84C256A3C3A10196390F /* Base */,
			);
			name = Main.storyboard;
			sourceTree = "<group>";
		};
		F07D86BD82FD3D5D2511995A /* InfoPlist.strings */ = {
			isa = PBXVariantGroup;
			children = (
				F07D8FB0E55EC09B158914C2 /* en */,
			);
			name = InfoPlist.strings;
			sourceTree = "<group>";
		};
		F07D89707FA3C957EA85B1FE /* InfoPlist.strings */ = {
			isa = PBXVariantGroup;
			children = (
				F07D816050FC49FCF8BA1BF8 /* en */,
			);
			name = InfoPlist.strings;
			sourceTree = "<group>";
		};
/* End PBXVariantGroup section */

/* Begin XCBuildConfiguration section */
		F07D82B748AAE25375DADEDB /* Debug */ = {
			isa = XCBuildConfiguration;
			buildSettings = {
				FRAMEWORK_SEARCH_PATHS = (
					"$(SDKROOT)/Developer/Library/Frameworks",
					"$(inherited)",
				);
				GCC_PRECOMPILE_PREFIX_HEADER = YES;
				GCC_PREFIX_HEADER = "Matchismo/Matchismo-Prefix.pch";
				INFOPLIST_FILE = "MatchismoTests/MatchismoTests-Info.plist";
				PRODUCT_NAME = "$(TARGET_NAME)";
				WRAPPER_EXTENSION = xctest;
			};
			name = Debug;
		};
		F07D888748509A8F8BCFFF22 /* Debug */ = {
			isa = XCBuildConfiguration;
			buildSettings = {
				ASSETCATALOG_COMPILER_APPICON_NAME = AppIcon;
				ASSETCATALOG_COMPILER_LAUNCHIMAGE_NAME = LaunchImage;
				CODE_SIGN_IDENTITY = "iPhone Developer";
				"CODE_SIGN_IDENTITY[sdk=iphoneos*]" = "iPhone Developer";
				GCC_PRECOMPILE_PREFIX_HEADER = YES;
				GCC_PREFIX_HEADER = "Matchismo/Matchismo-Prefix.pch";
				INFOPLIST_FILE = "Matchismo/Matchismo-Info.plist";
				PRODUCT_NAME = "$(TARGET_NAME)";
				PROVISIONING_PROFILE = "";
				WRAPPER_EXTENSION = app;
			};
			name = Debug;
		};
		F07D88FB3165B55B660A91A4 /* Debug */ = {
			isa = XCBuildConfiguration;
			buildSettings = {
				ALWAYS_SEARCH_USER_PATHS = NO;
				ARCHS = "$(ARCHS_STANDARD_INCLUDING_64_BIT)";
				CLANG_CXX_LANGUAGE_STANDARD = "gnu++0x";
				CLANG_CXX_LIBRARY = "libc++";
				CLANG_ENABLE_MODULES = YES;
				CLANG_ENABLE_OBJC_ARC = YES;
				CLANG_WARN_BOOL_CONVERSION = YES;
				CLANG_WARN_CONSTANT_CONVERSION = YES;
				CLANG_WARN_DIRECT_OBJC_ISA_USAGE = YES_ERROR;
				CLANG_WARN_EMPTY_BODY = YES;
				CLANG_WARN_ENUM_CONVERSION = YES;
				CLANG_WARN_INT_CONVERSION = YES;
				CLANG_WARN_OBJC_ROOT_CLASS = YES_ERROR;
				CLANG_WARN__DUPLICATE_METHOD_MATCH = YES;
				"CODE_SIGN_IDENTITY[sdk=iphoneos*]" = "iPhone Developer";
				COPY_PHASE_STRIP = NO;
				GCC_C_LANGUAGE_STANDARD = gnu99;
				GCC_DYNAMIC_NO_PIC = NO;
				GCC_OPTIMIZATION_LEVEL = 0;
				GCC_PREPROCESSOR_DEFINITIONS = (
					"DEBUG=1",
					"$(inherited)",
				);
				GCC_SYMBOLS_PRIVATE_EXTERN = NO;
				GCC_WARN_64_TO_32_BIT_CONVERSION = YES;
				GCC_WARN_ABOUT_RETURN_TYPE = YES_ERROR;
				GCC_WARN_UNDECLARED_SELECTOR = YES;
				GCC_WARN_UNINITIALIZED_AUTOS = YES;
				GCC_WARN_UNUSED_FUNCTION = YES;
				GCC_WARN_UNUSED_VARIABLE = YES;
				IPHONEOS_DEPLOYMENT_TARGET = 7.0;
				ONLY_ACTIVE_ARCH = YES;
				SDKROOT = iphoneos;
			};
			name = Debug;
		};
		F07D8A80F2C98F27D97D12A7 /* Release */ = {
			isa = XCBuildConfiguration;
			buildSettings = {
				ASSETCATALOG_COMPILER_APPICON_NAME = AppIcon;
				ASSETCATALOG_COMPILER_LAUNCHIMAGE_NAME = LaunchImage;
				CODE_SIGN_IDENTITY = "iPhone Developer";
				"CODE_SIGN_IDENTITY[sdk=iphoneos*]" = "iPhone Developer";
				GCC_PRECOMPILE_PREFIX_HEADER = YES;
				GCC_PREFIX_HEADER = "Matchismo/Matchismo-Prefix.pch";
				INFOPLIST_FILE = "Matchismo/Matchismo-Info.plist";
				PRODUCT_NAME = "$(TARGET_NAME)";
				PROVISIONING_PROFILE = "";
				WRAPPER_EXTENSION = app;
			};
			name = Release;
		};
		F07D8B4438A3C772AE7963C1 /* Release */ = {
			isa = XCBuildConfiguration;
			buildSettings = {
				FRAMEWORK_SEARCH_PATHS = (
					"$(SDKROOT)/Developer/Library/Frameworks",
					"$(inherited)",
				);
				GCC_PRECOMPILE_PREFIX_HEADER = YES;
				GCC_PREFIX_HEADER = "Matchismo/Matchismo-Prefix.pch";
				INFOPLIST_FILE = "MatchismoTests/MatchismoTests-Info.plist";
				PRODUCT_NAME = "$(TARGET_NAME)";
				WRAPPER_EXTENSION = xctest;
			};
			name = Release;
		};
		F07D8FE1077ABB68EFC34E59 /* Release */ = {
			isa = XCBuildConfiguration;
			buildSettings = {
				ALWAYS_SEARCH_USER_PATHS = NO;
				ARCHS = "$(ARCHS_STANDARD_INCLUDING_64_BIT)";
				CLANG_CXX_LANGUAGE_STANDARD = "gnu++0x";
				CLANG_CXX_LIBRARY = "libc++";
				CLANG_ENABLE_MODULES = YES;
				CLANG_ENABLE_OBJC_ARC = YES;
				CLANG_WARN_BOOL_CONVERSION = YES;
				CLANG_WARN_CONSTANT_CONVERSION = YES;
				CLANG_WARN_DIRECT_OBJC_ISA_USAGE = YES_ERROR;
				CLANG_WARN_EMPTY_BODY = YES;
				CLANG_WARN_ENUM_CONVERSION = YES;
				CLANG_WARN_INT_CONVERSION = YES;
				CLANG_WARN_OBJC_ROOT_CLASS = YES_ERROR;
				CLANG_WARN__DUPLICATE_METHOD_MATCH = YES;
				"CODE_SIGN_IDENTITY[sdk=iphoneos*]" = "iPhone Developer";
				COPY_PHASE_STRIP = YES;
				ENABLE_NS_ASSERTIONS = NO;
				GCC_C_LANGUAGE_STANDARD = gnu99;
				GCC_WARN_64_TO_32_BIT_CONVERSION = YES;
				GCC_WARN_ABOUT_RETURN_TYPE = YES_ERROR;
				GCC_WARN_UNDECLARED_SELECTOR = YES;
				GCC_WARN_UNINITIALIZED_AUTOS = YES;
				GCC_WARN_UNUSED_FUNCTION = YES;
				GCC_WARN_UNUSED_VARIABLE = YES;
				IPHONEOS_DEPLOYMENT_TARGET = 7.0;
				SDKROOT = iphoneos;
				VALIDATE_PRODUCT = YES;
			};
			name = Release;
		};
/* End XCBuildConfiguration section */

/* Begin XCConfigurationList section */
		F07D8511F04F8E7A04B82CAB /* Build configuration list for PBXNativeTarget "MatchismoTests" */ = {
			isa = XCConfigurationList;
			buildConfigurations = (
				F07D8B4438A3C772AE7963C1 /* Release */,
				F07D82B748AAE25375DADEDB /* Debug */,
			);
			defaultConfigurationIsVisible = 0;
			defaultConfigurationName = Release;
		};
		F07D8F2B8E9B352DEC5B45C7 /* Build configuration list for PBXNativeTarget "Matchismo" */ = {
			isa = XCConfigurationList;
			buildConfigurations = (
				F07D8A80F2C98F27D97D12A7 /* Release */,
				F07D888748509A8F8BCFFF22 /* Debug */,
			);
			defaultConfigurationIsVisible = 0;
			defaultConfigurationName = Release;
		};
		F07D8FA542FA4511645174A3 /* Build configuration list for PBXProject "Matchismo" */ = {
			isa = XCConfigurationList;
			buildConfigurations = (
				F07D8FE1077ABB68EFC34E59 /* Release */,
				F07D88FB3165B55B660A91A4 /* Debug */,
			);
			defaultConfigurationIsVisible = 0;
			defaultConfigurationName = Release;
		};
/* End XCConfigurationList section */
	};
	rootObject = F07D8A6431867CD1623BC566 /* Project object */;
}
